
Microsoft Visual Studio Solution File, Format Version 11.00
# Visual Studio 2010
Project("{FAE04EC0-301F-11D3-BF4B-00C04F79EFBC}") = "StatefulT4Processor.Webroot", "Webroot\StatefulT4Processor.Webroot.csproj", "{AD97542C-87DF-4CAA-A5B4-2E7B5592C9C5}"
EndProject
Project("{FAE04EC0-301F-11D3-BF4B-00C04F79EFBC}") = "StatefulT4Processor.Webroot.Tests", "Webroot.Tests\StatefulT4Processor.Webroot.Tests.csproj", "{7CFAF33C-8CC4-4B84-8235-5F8A220788D0}"
EndProject
Project("{FAE04EC0-301F-11D3-BF4B-00C04F79EFBC}") = "StatefulT4Processor.Shared", "StatefulT4Processor.Shared\StatefulT4Processor.Shared.csproj", "{1F7EF82F-4379-42DC-81D1-2639A0A4A166}"
EndProject
Project("{FAE04EC0-301F-11D3-BF4B-00C04F79EFBC}") = "Catalyst.Core", "CATALYST.Core\Catalyst.Core.csproj", "{934A5CB9-5E95-42D8-97E3-E95892A9AD14}"
EndProject
Project("{FAE04EC0-301F-11D3-BF4B-00C04F79EFBC}") = "Catalyst.Core.Tests", "CATALYST.Core.Tests\Catalyst.Core.Tests.csproj", "{223B61C3-BBC4-4C2D-869E-E30EFFDF3E3B}"
EndProject
Project("{FAE04EC0-301F-11D3-BF4B-00C04F79EFBC}") = "T4RunnerConsoleApplication", "ConsoleApplication1\T4RunnerConsoleApplication.csproj", "{710A780D-A4FA-492F-8D65-308C9F107A79}"
EndProject
Project("{FAE04EC0-301F-11D3-BF4B-00C04F79EFBC}") = "StatefulT4Processor.T4StateManager", "StatefulT4Processor.T4StateManager\StatefulT4Processor.T4StateManager.csproj", "{BFB4C78C-7674-4EE8-9330-8D82D5ABA2C6}"
EndProject
Project("{FAE04EC0-301F-11D3-BF4B-00C04F79EFBC}") = "StatefulT4Processor.BatchProcessor", "StatefulT4Processor.BatchProcessor\StatefulT4Processor.BatchProcessor.csproj", "{94F7EA18-D8B6-4EDA-B11A-4EC914BBB24F}"
EndProject
Project("{FAE04EC0-301F-11D3-BF4B-00C04F79EFBC}") = "StatefulT4Processor.BatchProcessor.Tests", "StatefulT4Processor.BatchProcessor.Tests\StatefulT4Processor.BatchProcessor.Tests.csproj", "{26026A81-CE26-4C25-A0E3-934F73CCD60C}"
EndProject
Project("{2150E333-8FDC-42A3-9474-1A3956D46DE8}") = "Solution Items", "Solution Items", "{87A57411-9318-4ECF-A26F-6BB34FC897F4}"
	ProjectSection(SolutionItems) = preProject
		Local.testsettings = Local.testsettings
		StatefulT4Processor.vsmdi = StatefulT4Processor.vsmdi
		TraceAndTestImpact.testsettings = TraceAndTestImpact.testsettings
	EndProjectSection
EndProject
Global
	GlobalSection(TestCaseManagementSettings) = postSolution
		CategoryFile = StatefulT4Processor.vsmdi
	EndGlobalSection
	GlobalSection(SolutionConfigurationPlatforms) = preSolution
		Debug|Any CPU = Debug|Any CPU
		Debug|Mixed Platforms = Debug|Mixed Platforms
		Debug|x86 = Debug|x86
		Release|Any CPU = Release|Any CPU
		Release|Mixed Platforms = Release|Mixed Platforms
		Release|x86 = Release|x86
	EndGlobalSection
	GlobalSection(ProjectConfigurationPlatforms) = postSolution
		{AD97542C-87DF-4CAA-A5B4-2E7B5592C9C5}.Debug|Any CPU.ActiveCfg = Debug|Any CPU
		{AD97542C-87DF-4CAA-A5B4-2E7B5592C9C5}.Debug|Any CPU.Build.0 = Debug|Any CPU
		{AD97542C-87DF-4CAA-A5B4-2E7B5592C9C5}.Debug|Mixed Platforms.ActiveCfg = Debug|Any CPU
		{AD97542C-87DF-4CAA-A5B4-2E7B5592C9C5}.Debug|Mixed Platforms.Build.0 = Debug|Any CPU
		{AD97542C-87DF-4CAA-A5B4-2E7B5592C9C5}.Debug|x86.ActiveCfg = Debug|Any CPU
		{AD97542C-87DF-4CAA-A5B4-2E7B5592C9C5}.Release|Any CPU.ActiveCfg = Release|Any CPU
		{AD97542C-87DF-4CAA-A5B4-2E7B5592C9C5}.Release|Any CPU.Build.0 = Release|Any CPU
		{AD97542C-87DF-4CAA-A5B4-2E7B5592C9C5}.Release|Mixed Platforms.ActiveCfg = Release|Any CPU
		{AD97542C-87DF-4CAA-A5B4-2E7B5592C9C5}.Release|Mixed Platforms.Build.0 = Release|Any CPU
		{AD97542C-87DF-4CAA-A5B4-2E7B5592C9C5}.Release|x86.ActiveCfg = Release|Any CPU
		{7CFAF33C-8CC4-4B84-8235-5F8A220788D0}.Debug|Any CPU.ActiveCfg = Debug|Any CPU
		{7CFAF33C-8CC4-4B84-8235-5F8A220788D0}.Debug|Any CPU.Build.0 = Debug|Any CPU
		{7CFAF33C-8CC4-4B84-8235-5F8A220788D0}.Debug|Mixed Platforms.ActiveCfg = Debug|Any CPU
		{7CFAF33C-8CC4-4B84-8235-5F8A220788D0}.Debug|Mixed Platforms.Build.0 = Debug|Any CPU
		{7CFAF33C-8CC4-4B84-8235-5F8A220788D0}.Debug|x86.ActiveCfg = Debug|Any CPU
		{7CFAF33C-8CC4-4B84-8235-5F8A220788D0}.Release|Any CPU.ActiveCfg = Release|Any CPU
		{7CFAF33C-8CC4-4B84-8235-5F8A220788D0}.Release|Any CPU.Build.0 = Release|Any CPU
		{7CFAF33C-8CC4-4B84-8235-5F8A220788D0}.Release|Mixed Platforms.ActiveCfg = Release|Any CPU
		{7CFAF33C-8CC4-4B84-8235-5F8A220788D0}.Release|Mixed Platforms.Build.0 = Release|Any CPU
		{7CFAF33C-8CC4-4B84-8235-5F8A220788D0}.Release|x86.ActiveCfg = Release|Any CPU
		{1F7EF82F-4379-42DC-81D1-2639A0A4A166}.Debug|Any CPU.ActiveCfg = Debug|Any CPU
		{1F7EF82F-4379-42DC-81D1-2639A0A4A166}.Debug|Any CPU.Build.0 = Debug|Any CPU
		{1F7EF82F-4379-42DC-81D1-2639A0A4A166}.Debug|Mixed Platforms.ActiveCfg = Debug|Any CPU
		{1F7EF82F-4379-42DC-81D1-2639A0A4A166}.Debug|Mixed Platforms.Build.0 = Debug|Any CPU
		{1F7EF82F-4379-42DC-81D1-2639A0A4A166}.Debug|x86.ActiveCfg = Debug|Any CPU
		{1F7EF82F-4379-42DC-81D1-2639A0A4A166}.Release|Any CPU.ActiveCfg = Release|Any CPU
		{1F7EF82F-4379-42DC-81D1-2639A0A4A166}.Release|Any CPU.Build.0 = Release|Any CPU
		{1F7EF82F-4379-42DC-81D1-2639A0A4A166}.Release|Mixed Platforms.ActiveCfg = Release|Any CPU
		{1F7EF82F-4379-42DC-81D1-2639A0A4A166}.Release|Mixed Platforms.Build.0 = Release|Any CPU
		{1F7EF82F-4379-42DC-81D1-2639A0A4A166}.Release|x86.ActiveCfg = Release|Any CPU
		{934A5CB9-5E95-42D8-97E3-E95892A9AD14}.Debug|Any CPU.ActiveCfg = Debug|Any CPU
		{934A5CB9-5E95-42D8-97E3-E95892A9AD14}.Debug|Any CPU.Build.0 = Debug|Any CPU
		{934A5CB9-5E95-42D8-97E3-E95892A9AD14}.Debug|Mixed Platforms.ActiveCfg = Debug|Any CPU
		{934A5CB9-5E95-42D8-97E3-E95892A9AD14}.Debug|Mixed Platforms.Build.0 = Debug|Any CPU
		{934A5CB9-5E95-42D8-97E3-E95892A9AD14}.Debug|x86.ActiveCfg = Debug|Any CPU
		{934A5CB9-5E95-42D8-97E3-E95892A9AD14}.Release|Any CPU.ActiveCfg = Release|Any CPU
		{934A5CB9-5E95-42D8-97E3-E95892A9AD14}.Release|Any CPU.Build.0 = Release|Any CPU
		{934A5CB9-5E95-42D8-97E3-E95892A9AD14}.Release|Mixed Platforms.ActiveCfg = Release|Any CPU
		{934A5CB9-5E95-42D8-97E3-E95892A9AD14}.Release|Mixed Platforms.Build.0 = Release|Any CPU
		{934A5CB9-5E95-42D8-97E3-E95892A9AD14}.Release|x86.ActiveCfg = Release|Any CPU
		{223B61C3-BBC4-4C2D-869E-E30EFFDF3E3B}.Debug|Any CPU.ActiveCfg = Debug|Any CPU
		{223B61C3-BBC4-4C2D-869E-E30EFFDF3E3B}.Debug|Any CPU.Build.0 = Debug|Any CPU
		{223B61C3-BBC4-4C2D-869E-E30EFFDF3E3B}.Debug|Mixed Platforms.ActiveCfg = Debug|Any CPU
		{223B61C3-BBC4-4C2D-869E-E30EFFDF3E3B}.Debug|Mixed Platforms.Build.0 = Debug|Any CPU
		{223B61C3-BBC4-4C2D-869E-E30EFFDF3E3B}.Debug|x86.ActiveCfg = Debug|Any CPU
		{223B61C3-BBC4-4C2D-869E-E30EFFDF3E3B}.Release|Any CPU.ActiveCfg = Release|Any CPU
		{223B61C3-BBC4-4C2D-869E-E30EFFDF3E3B}.Release|Any CPU.Build.0 = Release|Any CPU
		{223B61C3-BBC4-4C2D-869E-E30EFFDF3E3B}.Release|Mixed Platforms.ActiveCfg = Release|Any CPU
		{223B61C3-BBC4-4C2D-869E-E30EFFDF3E3B}.Release|Mixed Platforms.Build.0 = Release|Any CPU
		{223B61C3-BBC4-4C2D-869E-E30EFFDF3E3B}.Release|x86.ActiveCfg = Release|Any CPU
		{710A780D-A4FA-492F-8D65-308C9F107A79}.Debug|Any CPU.ActiveCfg = Debug|Any CPU
		{710A780D-A4FA-492F-8D65-308C9F107A79}.Debug|Any CPU.Build.0 = Debug|Any CPU
		{710A780D-A4FA-492F-8D65-308C9F107A79}.Debug|Mixed Platforms.ActiveCfg = Debug|Any CPU
		{710A780D-A4FA-492F-8D65-308C9F107A79}.Debug|Mixed Platforms.Build.0 = Debug|Any CPU
		{710A780D-A4FA-492F-8D65-308C9F107A79}.Debug|x86.ActiveCfg = Debug|Any CPU
		{710A780D-A4FA-492F-8D65-308C9F107A79}.Release|Any CPU.ActiveCfg = Release|Any CPU
		{710A780D-A4FA-492F-8D65-308C9F107A79}.Release|Any CPU.Build.0 = Release|Any CPU
		{710A780D-A4FA-492F-8D65-308C9F107A79}.Release|Mixed Platforms.ActiveCfg = Release|Any CPU
		{710A780D-A4FA-492F-8D65-308C9F107A79}.Release|Mixed Platforms.Build.0 = Release|Any CPU
		{710A780D-A4FA-492F-8D65-308C9F107A79}.Release|x86.ActiveCfg = Release|Any CPU
		{BFB4C78C-7674-4EE8-9330-8D82D5ABA2C6}.Debug|Any CPU.ActiveCfg = Debug|Any CPU
		{BFB4C78C-7674-4EE8-9330-8D82D5ABA2C6}.Debug|Any CPU.Build.0 = Debug|Any CPU
		{BFB4C78C-7674-4EE8-9330-8D82D5ABA2C6}.Debug|Mixed Platforms.ActiveCfg = Debug|Any CPU
		{BFB4C78C-7674-4EE8-9330-8D82D5ABA2C6}.Debug|Mixed Platforms.Build.0 = Debug|Any CPU
		{BFB4C78C-7674-4EE8-9330-8D82D5ABA2C6}.Debug|x86.ActiveCfg = Debug|Any CPU
		{BFB4C78C-7674-4EE8-9330-8D82D5ABA2C6}.Release|Any CPU.ActiveCfg = Release|Any CPU
		{BFB4C78C-7674-4EE8-9330-8D82D5ABA2C6}.Release|Any CPU.Build.0 = Release|Any CPU
		{BFB4C78C-7674-4EE8-9330-8D82D5ABA2C6}.Release|Mixed Platforms.ActiveCfg = Release|Any CPU
		{BFB4C78C-7674-4EE8-9330-8D82D5ABA2C6}.Release|Mixed Platforms.Build.0 = Release|Any CPU
		{BFB4C78C-7674-4EE8-9330-8D82D5ABA2C6}.Release|x86.ActiveCfg = Release|Any CPU
		{94F7EA18-D8B6-4EDA-B11A-4EC914BBB24F}.Debug|Any CPU.ActiveCfg = Debug|Any CPU
		{94F7EA18-D8B6-4EDA-B11A-4EC914BBB24F}.Debug|Any CPU.Build.0 = Debug|Any CPU
		{94F7EA18-D8B6-4EDA-B11A-4EC914BBB24F}.Debug|Mixed Platforms.ActiveCfg = Debug|Any CPU
		{94F7EA18-D8B6-4EDA-B11A-4EC914BBB24F}.Debug|Mixed Platforms.Build.0 = Debug|Any CPU
		{94F7EA18-D8B6-4EDA-B11A-4EC914BBB24F}.Debug|x86.ActiveCfg = Debug|Any CPU
		{94F7EA18-D8B6-4EDA-B11A-4EC914BBB24F}.Release|Any CPU.ActiveCfg = Release|Any CPU
		{94F7EA18-D8B6-4EDA-B11A-4EC914BBB24F}.Release|Any CPU.Build.0 = Release|Any CPU
		{94F7EA18-D8B6-4EDA-B11A-4EC914BBB24F}.Release|Mixed Platforms.ActiveCfg = Release|Any CPU
		{94F7EA18-D8B6-4EDA-B11A-4EC914BBB24F}.Release|Mixed Platforms.Build.0 = Release|Any CPU
		{94F7EA18-D8B6-4EDA-B11A-4EC914BBB24F}.Release|x86.ActiveCfg = Release|Any CPU
		{26026A81-CE26-4C25-A0E3-934F73CCD60C}.Debug|Any CPU.ActiveCfg = Debug|Any CPU
		{26026A81-CE26-4C25-A0E3-934F73CCD60C}.Debug|Any CPU.Build.0 = Debug|Any CPU
		{26026A81-CE26-4C25-A0E3-934F73CCD60C}.Debug|Mixed Platforms.ActiveCfg = Debug|Any CPU
		{26026A81-CE26-4C25-A0E3-934F73CCD60C}.Debug|Mixed Platforms.Build.0 = Debug|Any CPU
		{26026A81-CE26-4C25-A0E3-934F73CCD60C}.Debug|x86.ActiveCfg = Debug|Any CPU
		{26026A81-CE26-4C25-A0E3-934F73CCD60C}.Release|Any CPU.ActiveCfg = Release|Any CPU
		{26026A81-CE26-4C25-A0E3-934F73CCD60C}.Release|Any CPU.Build.0 = Release|Any CPU
		{26026A81-CE26-4C25-A0E3-934F73CCD60C}.Release|Mixed Platforms.ActiveCfg = Release|Any CPU
		{26026A81-CE26-4C25-A0E3-934F73CCD60C}.Release|Mixed Platforms.Build.0 = Release|Any CPU
		{26026A81-CE26-4C25-A0E3-934F73CCD60C}.Release|x86.ActiveCfg = Release|Any CPU
	EndGlobalSection
	GlobalSection(SolutionProperties) = preSolution
		HideSolutionNode = FALSE
	EndGlobalSection
EndGlobal
